
Microsoft Visual Studio Solution File, Format Version 12.00
# Visual Studio Version 17
VisualStudioVersion = 17.5.33530.505
MinimumVisualStudioVersion = 10.0.40219.1
Project("{9A19103F-16F7-4668-BE54-9A1E7A4F7556}") = "JLBlog", "MyNewBlog\JLBlog.csproj", "{330A686B-82CE-42E0-BA49-5B1A2851986F}"
EndProject
Global
	GlobalSection(SolutionConfigurationPlatforms) = preSolution
		Debug|Any CPU = Debug|Any CPU
		Release|Any CPU = Release|Any CPU
	EndGlobalSection
	GlobalSection(ProjectConfigurationPlatforms) = postSolution
		{330A686B-82CE-42E0-BA49-5B1A2851986F}.Debug|Any CPU.ActiveCfg = Debug|Any CPU
		{330A686B-82CE-42E0-BA49-5B1A2851986F}.Debug|Any CPU.Build.0 = Debug|Any CPU
		{330A686B-82CE-42E0-BA49-5B1A2851986F}.Release|Any CPU.ActiveCfg = Release|Any CPU
		{330A686B-82CE-42E0-BA49-5B1A2851986F}.Release|Any CPU.Build.0 = Release|Any CPU
	EndGlobalSection
	GlobalSection(SolutionProperties) = preSolution
		HideSolutionNode = FALSE
	EndGlobalSection
	GlobalSection(ExtensibilityGlobals) = postSolution
		SolutionGuid = {39932C58-B947-4877-9F32-93DB19659654}
	EndGlobalSection
EndGlobal
